
Microsoft Visual Studio Solution File, Format Version 12.00
# Visual Studio 15
VisualStudioVersion = 15.0.28307.1433
MinimumVisualStudioVersion = 10.0.40219.1
Project("{FAE04EC0-301F-11D3-BF4B-00C04F79EFBC}") = "WpfApp1", "WpfApp1\WpfApp1.csproj", "{29222AD1-19E2-4EE8-9AA5-33E7957EF804}"
EndProject
Global
	GlobalSection(SolutionConfigurationPlatforms) = preSolution
		Debug|Any CPU = Debug|Any CPU
		Release|Any CPU = Release|Any CPU
	EndGlobalSection
	GlobalSection(ProjectConfigurationPlatforms) = postSolution
		{29222AD1-19E2-4EE8-9AA5-33E7957EF804}.Debug|Any CPU.ActiveCfg = Debug|Any CPU
		{29222AD1-19E2-4EE8-9AA5-33E7957EF804}.Debug|Any CPU.Build.0 = Debug|Any CPU
		{29222AD1-19E2-4EE8-9AA5-33E7957EF804}.Release|Any CPU.ActiveCfg = Release|Any CPU
		{29222AD1-19E2-4EE8-9AA5-33E7957EF804}.Release|Any CPU.Build.0 = Release|Any CPU
	EndGlobalSection
	GlobalSection(SolutionProperties) = preSolution
		HideSolutionNode = FALSE
	EndGlobalSection
	GlobalSection(ExtensibilityGlobals) = postSolution
		SolutionGuid = {64D04A36-C6E8-496A-93D7-BC7BAC9B6CE8}
	EndGlobalSection
EndGlobal
